// !$*UTF8*$!
{
	archiveVersion = 1;
	classes = {
	};
	objectVersion = 51;
	objects = {

/* Begin PBXBuildFile section */
		1F223BA935484D091F7150B9 /* Pods_Jikan_ios.framework in Frameworks */ = {isa = PBXBuildFile; fileRef = 7C57A168DF2EAA0AE985890C /* Pods_Jikan_ios.framework */; };
		6CE352942B0B7796509B0FEB /* Pods_Jikan_ios_Jikan_iosUITests.framework in Frameworks */ = {isa = PBXBuildFile; fileRef = 72C978D6E622B27152FA46E3 /* Pods_Jikan_ios_Jikan_iosUITests.framework */; };
		B16F9DB6264F66860053A4B1 /* AppDelegate.swift in Sources */ = {isa = PBXBuildFile; fileRef = B16F9DB5264F66860053A4B1 /* AppDelegate.swift */; };
		B16F9DB8264F66860053A4B1 /* SceneDelegate.swift in Sources */ = {isa = PBXBuildFile; fileRef = B16F9DB7264F66860053A4B1 /* SceneDelegate.swift */; };
		B16F9DBA264F66860053A4B1 /* ViewController.swift in Sources */ = {isa = PBXBuildFile; fileRef = B16F9DB9264F66860053A4B1 /* ViewController.swift */; };
		B16F9DBD264F66860053A4B1 /* Main.storyboard in Resources */ = {isa = PBXBuildFile; fileRef = B16F9DBB264F66860053A4B1 /* Main.storyboard */; };
		B16F9DC0264F66860053A4B1 /* Jikan_ios.xcdatamodeld in Sources */ = {isa = PBXBuildFile; fileRef = B16F9DBE264F66860053A4B1 /* Jikan_ios.xcdatamodeld */; };
		B16F9DC2264F66880053A4B1 /* Assets.xcassets in Resources */ = {isa = PBXBuildFile; fileRef = B16F9DC1264F66880053A4B1 /* Assets.xcassets */; };
		B16F9DC5264F66880053A4B1 /* LaunchScreen.storyboard in Resources */ = {isa = PBXBuildFile; fileRef = B16F9DC3264F66880053A4B1 /* LaunchScreen.storyboard */; };
		B16F9DD0264F66880053A4B1 /* Jikan_iosTests.swift in Sources */ = {isa = PBXBuildFile; fileRef = B16F9DCF264F66880053A4B1 /* Jikan_iosTests.swift */; };
		B16F9DDB264F66880053A4B1 /* Jikan_iosUITests.swift in Sources */ = {isa = PBXBuildFile; fileRef = B16F9DDA264F66880053A4B1 /* Jikan_iosUITests.swift */; };
		B16F9DEE264F6BA40053A4B1 /* TopAnime.swift in Sources */ = {isa = PBXBuildFile; fileRef = B16F9DED264F6BA40053A4B1 /* TopAnime.swift */; };
		B16F9DEF264F6BA40053A4B1 /* TopAnime.swift in Sources */ = {isa = PBXBuildFile; fileRef = B16F9DED264F6BA40053A4B1 /* TopAnime.swift */; };
		B16F9DF0264F6BA40053A4B1 /* TopAnime.swift in Sources */ = {isa = PBXBuildFile; fileRef = B16F9DED264F6BA40053A4B1 /* TopAnime.swift */; };
		B16F9DF2264F6E3B0053A4B1 /* AnimesViewModel.swift in Sources */ = {isa = PBXBuildFile; fileRef = B16F9DF1264F6E3B0053A4B1 /* AnimesViewModel.swift */; };
		B16F9DF3264F6E3B0053A4B1 /* AnimesViewModel.swift in Sources */ = {isa = PBXBuildFile; fileRef = B16F9DF1264F6E3B0053A4B1 /* AnimesViewModel.swift */; };
		B16F9DF4264F6E3B0053A4B1 /* AnimesViewModel.swift in Sources */ = {isa = PBXBuildFile; fileRef = B16F9DF1264F6E3B0053A4B1 /* AnimesViewModel.swift */; };
		B16F9DF6264F6EBD0053A4B1 /* APIService.swift in Sources */ = {isa = PBXBuildFile; fileRef = B16F9DF5264F6EBD0053A4B1 /* APIService.swift */; };
		B16F9DF7264F6EBD0053A4B1 /* APIService.swift in Sources */ = {isa = PBXBuildFile; fileRef = B16F9DF5264F6EBD0053A4B1 /* APIService.swift */; };
		B16F9DF8264F6EBD0053A4B1 /* APIService.swift in Sources */ = {isa = PBXBuildFile; fileRef = B16F9DF5264F6EBD0053A4B1 /* APIService.swift */; };
		B16F9DFC264F72D40053A4B1 /* AnimeCollectionViewCell.swift in Sources */ = {isa = PBXBuildFile; fileRef = B16F9DFA264F72D40053A4B1 /* AnimeCollectionViewCell.swift */; };
		B16F9DFD264F72D40053A4B1 /* AnimeCollectionViewCell.swift in Sources */ = {isa = PBXBuildFile; fileRef = B16F9DFA264F72D40053A4B1 /* AnimeCollectionViewCell.swift */; };
		B16F9DFE264F72D40053A4B1 /* AnimeCollectionViewCell.swift in Sources */ = {isa = PBXBuildFile; fileRef = B16F9DFA264F72D40053A4B1 /* AnimeCollectionViewCell.swift */; };
		B16F9DFF264F72D40053A4B1 /* AnimeCollectionViewCell.xib in Resources */ = {isa = PBXBuildFile; fileRef = B16F9DFB264F72D40053A4B1 /* AnimeCollectionViewCell.xib */; };
		B16F9E00264F72D40053A4B1 /* AnimeCollectionViewCell.xib in Resources */ = {isa = PBXBuildFile; fileRef = B16F9DFB264F72D40053A4B1 /* AnimeCollectionViewCell.xib */; };
		B16F9E01264F72D40053A4B1 /* AnimeCollectionViewCell.xib in Resources */ = {isa = PBXBuildFile; fileRef = B16F9DFB264F72D40053A4B1 /* AnimeCollectionViewCell.xib */; };
		B16F9E03264F75070053A4B1 /* AnimeCollectionViewDataSource.swift in Sources */ = {isa = PBXBuildFile; fileRef = B16F9E02264F75070053A4B1 /* AnimeCollectionViewDataSource.swift */; };
		B16F9E04264F75070053A4B1 /* AnimeCollectionViewDataSource.swift in Sources */ = {isa = PBXBuildFile; fileRef = B16F9E02264F75070053A4B1 /* AnimeCollectionViewDataSource.swift */; };
		B16F9E05264F75070053A4B1 /* AnimeCollectionViewDataSource.swift in Sources */ = {isa = PBXBuildFile; fileRef = B16F9E02264F75070053A4B1 /* AnimeCollectionViewDataSource.swift */; };
		B16F9E08264F95BB0053A4B1 /* SeasonLastTableViewCell.swift in Sources */ = {isa = PBXBuildFile; fileRef = B16F9E06264F95BB0053A4B1 /* SeasonLastTableViewCell.swift */; };
		B16F9E09264F95BC0053A4B1 /* SeasonLastTableViewCell.swift in Sources */ = {isa = PBXBuildFile; fileRef = B16F9E06264F95BB0053A4B1 /* SeasonLastTableViewCell.swift */; };
		B16F9E0A264F95BC0053A4B1 /* SeasonLastTableViewCell.swift in Sources */ = {isa = PBXBuildFile; fileRef = B16F9E06264F95BB0053A4B1 /* SeasonLastTableViewCell.swift */; };
		B16F9E0B264F95BC0053A4B1 /* SeasonLastTableViewCell.xib in Resources */ = {isa = PBXBuildFile; fileRef = B16F9E07264F95BB0053A4B1 /* SeasonLastTableViewCell.xib */; };
		B16F9E0C264F95BC0053A4B1 /* SeasonLastTableViewCell.xib in Resources */ = {isa = PBXBuildFile; fileRef = B16F9E07264F95BB0053A4B1 /* SeasonLastTableViewCell.xib */; };
		B16F9E0D264F95BC0053A4B1 /* SeasonLastTableViewCell.xib in Resources */ = {isa = PBXBuildFile; fileRef = B16F9E07264F95BB0053A4B1 /* SeasonLastTableViewCell.xib */; };
		B16F9E0F264F9AD90053A4B1 /* SeasonLast.swift in Sources */ = {isa = PBXBuildFile; fileRef = B16F9E0E264F9AD90053A4B1 /* SeasonLast.swift */; };
		B16F9E10264F9AD90053A4B1 /* SeasonLast.swift in Sources */ = {isa = PBXBuildFile; fileRef = B16F9E0E264F9AD90053A4B1 /* SeasonLast.swift */; };
		B16F9E11264F9AD90053A4B1 /* SeasonLast.swift in Sources */ = {isa = PBXBuildFile; fileRef = B16F9E0E264F9AD90053A4B1 /* SeasonLast.swift */; };
		B16F9E13264F9DE00053A4B1 /* SeasonLastTableViewDataSource.swift in Sources */ = {isa = PBXBuildFile; fileRef = B16F9E12264F9DE00053A4B1 /* SeasonLastTableViewDataSource.swift */; };
		B16F9E14264F9DE00053A4B1 /* SeasonLastTableViewDataSource.swift in Sources */ = {isa = PBXBuildFile; fileRef = B16F9E12264F9DE00053A4B1 /* SeasonLastTableViewDataSource.swift */; };
		B16F9E15264F9DE00053A4B1 /* SeasonLastTableViewDataSource.swift in Sources */ = {isa = PBXBuildFile; fileRef = B16F9E12264F9DE00053A4B1 /* SeasonLastTableViewDataSource.swift */; };
		B16F9E1726501D190053A4B1 /* Anime.swift in Sources */ = {isa = PBXBuildFile; fileRef = B16F9E1626501D190053A4B1 /* Anime.swift */; };
		B16F9E1826501D190053A4B1 /* Anime.swift in Sources */ = {isa = PBXBuildFile; fileRef = B16F9E1626501D190053A4B1 /* Anime.swift */; };
		B16F9E1926501D190053A4B1 /* Anime.swift in Sources */ = {isa = PBXBuildFile; fileRef = B16F9E1626501D190053A4B1 /* Anime.swift */; };
		B16F9E1B265020080053A4B1 /* SeasonLastViewModel.swift in Sources */ = {isa = PBXBuildFile; fileRef = B16F9E1A265020080053A4B1 /* SeasonLastViewModel.swift */; };
		B16F9E1C265020080053A4B1 /* SeasonLastViewModel.swift in Sources */ = {isa = PBXBuildFile; fileRef = B16F9E1A265020080053A4B1 /* SeasonLastViewModel.swift */; };
		B16F9E1D265020080053A4B1 /* SeasonLastViewModel.swift in Sources */ = {isa = PBXBuildFile; fileRef = B16F9E1A265020080053A4B1 /* SeasonLastViewModel.swift */; };
		B16F9E1F265020FB0053A4B1 /* AnimeDetailViewModel.swift in Sources */ = {isa = PBXBuildFile; fileRef = B16F9E1E265020FB0053A4B1 /* AnimeDetailViewModel.swift */; };
		B16F9E20265020FB0053A4B1 /* AnimeDetailViewModel.swift in Sources */ = {isa = PBXBuildFile; fileRef = B16F9E1E265020FB0053A4B1 /* AnimeDetailViewModel.swift */; };
		B16F9E21265020FB0053A4B1 /* AnimeDetailViewModel.swift in Sources */ = {isa = PBXBuildFile; fileRef = B16F9E1E265020FB0053A4B1 /* AnimeDetailViewModel.swift */; };
		B16F9E23265022810053A4B1 /* AnimeDetailViewController.swift in Sources */ = {isa = PBXBuildFile; fileRef = B16F9E22265022810053A4B1 /* AnimeDetailViewController.swift */; };
		B16F9E24265022810053A4B1 /* AnimeDetailViewController.swift in Sources */ = {isa = PBXBuildFile; fileRef = B16F9E22265022810053A4B1 /* AnimeDetailViewController.swift */; };
		B16F9E25265022810053A4B1 /* AnimeDetailViewController.swift in Sources */ = {isa = PBXBuildFile; fileRef = B16F9E22265022810053A4B1 /* AnimeDetailViewController.swift */; };
		B16F9E2726503F410053A4B1 /* AnimeCollectionViewDelegate.swift in Sources */ = {isa = PBXBuildFile; fileRef = B16F9E2626503F400053A4B1 /* AnimeCollectionViewDelegate.swift */; };
		B16F9E2826503F410053A4B1 /* AnimeCollectionViewDelegate.swift in Sources */ = {isa = PBXBuildFile; fileRef = B16F9E2626503F400053A4B1 /* AnimeCollectionViewDelegate.swift */; };
		B16F9E2926503F410053A4B1 /* AnimeCollectionViewDelegate.swift in Sources */ = {isa = PBXBuildFile; fileRef = B16F9E2626503F400053A4B1 /* AnimeCollectionViewDelegate.swift */; };
		DE245955D54EC150F64BE3EB /* Pods_Jikan_iosTests.framework in Frameworks */ = {isa = PBXBuildFile; fileRef = 371665018B7FE83B187AC6D1 /* Pods_Jikan_iosTests.framework */; };
/* End PBXBuildFile section */

/* Begin PBXContainerItemProxy section */
		B16F9DCC264F66880053A4B1 /* PBXContainerItemProxy */ = {
			isa = PBXContainerItemProxy;
			containerPortal = B16F9DAA264F66860053A4B1 /* Project object */;
			proxyType = 1;
			remoteGlobalIDString = B16F9DB1264F66860053A4B1;
			remoteInfo = "Jikan-ios";
		};
		B16F9DD7264F66880053A4B1 /* PBXContainerItemProxy */ = {
			isa = PBXContainerItemProxy;
			containerPortal = B16F9DAA264F66860053A4B1 /* Project object */;
			proxyType = 1;
			remoteGlobalIDString = B16F9DB1264F66860053A4B1;
			remoteInfo = "Jikan-ios";
		};
/* End PBXContainerItemProxy section */

/* Begin PBXFileReference section */
		0CFE89FE75FED406A830E0E8 /* Pods-Jikan-ios-Jikan-iosUITests.release.xcconfig */ = {isa = PBXFileReference; includeInIndex = 1; lastKnownFileType = text.xcconfig; name = "Pods-Jikan-ios-Jikan-iosUITests.release.xcconfig"; path = "Target Support Files/Pods-Jikan-ios-Jikan-iosUITests/Pods-Jikan-ios-Jikan-iosUITests.release.xcconfig"; sourceTree = "<group>"; };
		371665018B7FE83B187AC6D1 /* Pods_Jikan_iosTests.framework */ = {isa = PBXFileReference; explicitFileType = wrapper.framework; includeInIndex = 0; path = Pods_Jikan_iosTests.framework; sourceTree = BUILT_PRODUCTS_DIR; };
		72C978D6E622B27152FA46E3 /* Pods_Jikan_ios_Jikan_iosUITests.framework */ = {isa = PBXFileReference; explicitFileType = wrapper.framework; includeInIndex = 0; path = Pods_Jikan_ios_Jikan_iosUITests.framework; sourceTree = BUILT_PRODUCTS_DIR; };
		7C57A168DF2EAA0AE985890C /* Pods_Jikan_ios.framework */ = {isa = PBXFileReference; explicitFileType = wrapper.framework; includeInIndex = 0; path = Pods_Jikan_ios.framework; sourceTree = BUILT_PRODUCTS_DIR; };
		87D03C5A809162AC8EFBD953 /* Pods-Jikan-ios.release.xcconfig */ = {isa = PBXFileReference; includeInIndex = 1; lastKnownFileType = text.xcconfig; name = "Pods-Jikan-ios.release.xcconfig"; path = "Target Support Files/Pods-Jikan-ios/Pods-Jikan-ios.release.xcconfig"; sourceTree = "<group>"; };
		9F514BFB17CC2C3400D7C74A /* Pods-Jikan-ios.debug.xcconfig */ = {isa = PBXFileReference; includeInIndex = 1; lastKnownFileType = text.xcconfig; name = "Pods-Jikan-ios.debug.xcconfig"; path = "Target Support Files/Pods-Jikan-ios/Pods-Jikan-ios.debug.xcconfig"; sourceTree = "<group>"; };
		B16F9DB2264F66860053A4B1 /* Jikan-ios.app */ = {isa = PBXFileReference; explicitFileType = wrapper.application; includeInIndex = 0; path = "Jikan-ios.app"; sourceTree = BUILT_PRODUCTS_DIR; };
		B16F9DB5264F66860053A4B1 /* AppDelegate.swift */ = {isa = PBXFileReference; lastKnownFileType = sourcecode.swift; path = AppDelegate.swift; sourceTree = "<group>"; };
		B16F9DB7264F66860053A4B1 /* SceneDelegate.swift */ = {isa = PBXFileReference; lastKnownFileType = sourcecode.swift; path = SceneDelegate.swift; sourceTree = "<group>"; };
		B16F9DB9264F66860053A4B1 /* ViewController.swift */ = {isa = PBXFileReference; lastKnownFileType = sourcecode.swift; path = ViewController.swift; sourceTree = "<group>"; };
		B16F9DBC264F66860053A4B1 /* Base */ = {isa = PBXFileReference; lastKnownFileType = file.storyboard; name = Base; path = Base.lproj/Main.storyboard; sourceTree = "<group>"; };
		B16F9DBF264F66860053A4B1 /* Jikan_ios.xcdatamodel */ = {isa = PBXFileReference; lastKnownFileType = wrapper.xcdatamodel; path = Jikan_ios.xcdatamodel; sourceTree = "<group>"; };
		B16F9DC1264F66880053A4B1 /* Assets.xcassets */ = {isa = PBXFileReference; lastKnownFileType = folder.assetcatalog; path = Assets.xcassets; sourceTree = "<group>"; };
		B16F9DC4264F66880053A4B1 /* Base */ = {isa = PBXFileReference; lastKnownFileType = file.storyboard; name = Base; path = Base.lproj/LaunchScreen.storyboard; sourceTree = "<group>"; };
		B16F9DC6264F66880053A4B1 /* Info.plist */ = {isa = PBXFileReference; lastKnownFileType = text.plist.xml; path = Info.plist; sourceTree = "<group>"; };
		B16F9DCB264F66880053A4B1 /* Jikan-iosTests.xctest */ = {isa = PBXFileReference; explicitFileType = wrapper.cfbundle; includeInIndex = 0; path = "Jikan-iosTests.xctest"; sourceTree = BUILT_PRODUCTS_DIR; };
		B16F9DCF264F66880053A4B1 /* Jikan_iosTests.swift */ = {isa = PBXFileReference; lastKnownFileType = sourcecode.swift; path = Jikan_iosTests.swift; sourceTree = "<group>"; };
		B16F9DD1264F66880053A4B1 /* Info.plist */ = {isa = PBXFileReference; lastKnownFileType = text.plist.xml; path = Info.plist; sourceTree = "<group>"; };
		B16F9DD6264F66880053A4B1 /* Jikan-iosUITests.xctest */ = {isa = PBXFileReference; explicitFileType = wrapper.cfbundle; includeInIndex = 0; path = "Jikan-iosUITests.xctest"; sourceTree = BUILT_PRODUCTS_DIR; };
		B16F9DDA264F66880053A4B1 /* Jikan_iosUITests.swift */ = {isa = PBXFileReference; lastKnownFileType = sourcecode.swift; path = Jikan_iosUITests.swift; sourceTree = "<group>"; };
		B16F9DDC264F66880053A4B1 /* Info.plist */ = {isa = PBXFileReference; lastKnownFileType = text.plist.xml; path = Info.plist; sourceTree = "<group>"; };
		B16F9DED264F6BA40053A4B1 /* TopAnime.swift */ = {isa = PBXFileReference; lastKnownFileType = sourcecode.swift; path = TopAnime.swift; sourceTree = "<group>"; };
		B16F9DF1264F6E3B0053A4B1 /* AnimesViewModel.swift */ = {isa = PBXFileReference; lastKnownFileType = sourcecode.swift; path = AnimesViewModel.swift; sourceTree = "<group>"; };
		B16F9DF5264F6EBD0053A4B1 /* APIService.swift */ = {isa = PBXFileReference; lastKnownFileType = sourcecode.swift; path = APIService.swift; sourceTree = "<group>"; };
		B16F9DFA264F72D40053A4B1 /* AnimeCollectionViewCell.swift */ = {isa = PBXFileReference; lastKnownFileType = sourcecode.swift; path = AnimeCollectionViewCell.swift; sourceTree = "<group>"; };
		B16F9DFB264F72D40053A4B1 /* AnimeCollectionViewCell.xib */ = {isa = PBXFileReference; lastKnownFileType = file.xib; path = AnimeCollectionViewCell.xib; sourceTree = "<group>"; };
		B16F9E02264F75070053A4B1 /* AnimeCollectionViewDataSource.swift */ = {isa = PBXFileReference; lastKnownFileType = sourcecode.swift; path = AnimeCollectionViewDataSource.swift; sourceTree = "<group>"; };
		B16F9E06264F95BB0053A4B1 /* SeasonLastTableViewCell.swift */ = {isa = PBXFileReference; lastKnownFileType = sourcecode.swift; path = SeasonLastTableViewCell.swift; sourceTree = "<group>"; };
		B16F9E07264F95BB0053A4B1 /* SeasonLastTableViewCell.xib */ = {isa = PBXFileReference; lastKnownFileType = file.xib; path = SeasonLastTableViewCell.xib; sourceTree = "<group>"; };
		B16F9E0E264F9AD90053A4B1 /* SeasonLast.swift */ = {isa = PBXFileReference; lastKnownFileType = sourcecode.swift; path = SeasonLast.swift; sourceTree = "<group>"; };
		B16F9E12264F9DE00053A4B1 /* SeasonLastTableViewDataSource.swift */ = {isa = PBXFileReference; lastKnownFileType = sourcecode.swift; path = SeasonLastTableViewDataSource.swift; sourceTree = "<group>"; };
		B16F9E1626501D190053A4B1 /* Anime.swift */ = {isa = PBXFileReference; lastKnownFileType = sourcecode.swift; path = Anime.swift; sourceTree = "<group>"; };
		B16F9E1A265020080053A4B1 /* SeasonLastViewModel.swift */ = {isa = PBXFileReference; lastKnownFileType = sourcecode.swift; path = SeasonLastViewModel.swift; sourceTree = "<group>"; };
		B16F9E1E265020FB0053A4B1 /* AnimeDetailViewModel.swift */ = {isa = PBXFileReference; lastKnownFileType = sourcecode.swift; path = AnimeDetailViewModel.swift; sourceTree = "<group>"; };
		B16F9E22265022810053A4B1 /* AnimeDetailViewController.swift */ = {isa = PBXFileReference; lastKnownFileType = sourcecode.swift; path = AnimeDetailViewController.swift; sourceTree = "<group>"; };
		B16F9E2626503F400053A4B1 /* AnimeCollectionViewDelegate.swift */ = {isa = PBXFileReference; lastKnownFileType = sourcecode.swift; path = AnimeCollectionViewDelegate.swift; sourceTree = "<group>"; };
		C381D93E70D25BEF46941D58 /* Pods-Jikan-iosTests.debug.xcconfig */ = {isa = PBXFileReference; includeInIndex = 1; lastKnownFileType = text.xcconfig; name = "Pods-Jikan-iosTests.debug.xcconfig"; path = "Target Support Files/Pods-Jikan-iosTests/Pods-Jikan-iosTests.debug.xcconfig"; sourceTree = "<group>"; };
		D01BB4824D91AB826D71DD9C /* Pods-Jikan-ios-Jikan-iosUITests.debug.xcconfig */ = {isa = PBXFileReference; includeInIndex = 1; lastKnownFileType = text.xcconfig; name = "Pods-Jikan-ios-Jikan-iosUITests.debug.xcconfig"; path = "Target Support Files/Pods-Jikan-ios-Jikan-iosUITests/Pods-Jikan-ios-Jikan-iosUITests.debug.xcconfig"; sourceTree = "<group>"; };
		D7B773CDF262C383F8ABB5F6 /* Pods-Jikan-iosTests.release.xcconfig */ = {isa = PBXFileReference; includeInIndex = 1; lastKnownFileType = text.xcconfig; name = "Pods-Jikan-iosTests.release.xcconfig"; path = "Target Support Files/Pods-Jikan-iosTests/Pods-Jikan-iosTests.release.xcconfig"; sourceTree = "<group>"; };
/* End PBXFileReference section */

/* Begin PBXFrameworksBuildPhase section */
		B16F9DAF264F66860053A4B1 /* Frameworks */ = {
			isa = PBXFrameworksBuildPhase;
			buildActionMask = 2147483647;
			files = (
				1F223BA935484D091F7150B9 /* Pods_Jikan_ios.framework in Frameworks */,
			);
			runOnlyForDeploymentPostprocessing = 0;
		};
		B16F9DC8264F66880053A4B1 /* Frameworks */ = {
			isa = PBXFrameworksBuildPhase;
			buildActionMask = 2147483647;
			files = (
				DE245955D54EC150F64BE3EB /* Pods_Jikan_iosTests.framework in Frameworks */,
			);
			runOnlyForDeploymentPostprocessing = 0;
		};
		B16F9DD3264F66880053A4B1 /* Frameworks */ = {
			isa = PBXFrameworksBuildPhase;
			buildActionMask = 2147483647;
			files = (
				6CE352942B0B7796509B0FEB /* Pods_Jikan_ios_Jikan_iosUITests.framework in Frameworks */,
			);
			runOnlyForDeploymentPostprocessing = 0;
		};
/* End PBXFrameworksBuildPhase section */

/* Begin PBXGroup section */
		2AD69CCDA50677EE4A3C2EC2 /* Pods */ = {
			isa = PBXGroup;
			children = (
				9F514BFB17CC2C3400D7C74A /* Pods-Jikan-ios.debug.xcconfig */,
				87D03C5A809162AC8EFBD953 /* Pods-Jikan-ios.release.xcconfig */,
				D01BB4824D91AB826D71DD9C /* Pods-Jikan-ios-Jikan-iosUITests.debug.xcconfig */,
				0CFE89FE75FED406A830E0E8 /* Pods-Jikan-ios-Jikan-iosUITests.release.xcconfig */,
				C381D93E70D25BEF46941D58 /* Pods-Jikan-iosTests.debug.xcconfig */,
				D7B773CDF262C383F8ABB5F6 /* Pods-Jikan-iosTests.release.xcconfig */,
			);
			path = Pods;
			sourceTree = "<group>";
		};
		AE2C5043B6BF35C2D46A0AA7 /* Frameworks */ = {
			isa = PBXGroup;
			children = (
				7C57A168DF2EAA0AE985890C /* Pods_Jikan_ios.framework */,
				72C978D6E622B27152FA46E3 /* Pods_Jikan_ios_Jikan_iosUITests.framework */,
				371665018B7FE83B187AC6D1 /* Pods_Jikan_iosTests.framework */,
			);
			name = Frameworks;
			sourceTree = "<group>";
		};
		B16F9DA9264F66860053A4B1 = {
			isa = PBXGroup;
			children = (
				B16F9DB4264F66860053A4B1 /* Jikan-ios */,
				B16F9DCE264F66880053A4B1 /* Jikan-iosTests */,
				B16F9DD9264F66880053A4B1 /* Jikan-iosUITests */,
				B16F9DB3264F66860053A4B1 /* Products */,
				2AD69CCDA50677EE4A3C2EC2 /* Pods */,
				AE2C5043B6BF35C2D46A0AA7 /* Frameworks */,
			);
			sourceTree = "<group>";
		};
		B16F9DB3264F66860053A4B1 /* Products */ = {
			isa = PBXGroup;
			children = (
				B16F9DB2264F66860053A4B1 /* Jikan-ios.app */,
				B16F9DCB264F66880053A4B1 /* Jikan-iosTests.xctest */,
				B16F9DD6264F66880053A4B1 /* Jikan-iosUITests.xctest */,
			);
			name = Products;
			sourceTree = "<group>";
		};
		B16F9DB4264F66860053A4B1 /* Jikan-ios */ = {
			isa = PBXGroup;
			children = (
				B16F9DE8264F66A10053A4B1 /* Models */,
				B16F9DE9264F66B00053A4B1 /* ViewModels */,
				B16F9DF9264F72B40053A4B1 /* Views */,
				B16F9DEB264F66C20053A4B1 /* Controllers */,
				B16F9DEC264F66CE0053A4B1 /* Common */,
				B16F9DEA264F66B80053A4B1 /* API Service */,
				B16F9DBB264F66860053A4B1 /* Main.storyboard */,
				B16F9DC1264F66880053A4B1 /* Assets.xcassets */,
				B16F9DC3264F66880053A4B1 /* LaunchScreen.storyboard */,
				B16F9DC6264F66880053A4B1 /* Info.plist */,
				B16F9DBE264F66860053A4B1 /* Jikan_ios.xcdatamodeld */,
			);
			path = "Jikan-ios";
			sourceTree = "<group>";
		};
		B16F9DCE264F66880053A4B1 /* Jikan-iosTests */ = {
			isa = PBXGroup;
			children = (
				B16F9DCF264F66880053A4B1 /* Jikan_iosTests.swift */,
				B16F9DD1264F66880053A4B1 /* Info.plist */,
			);
			path = "Jikan-iosTests";
			sourceTree = "<group>";
		};
		B16F9DD9264F66880053A4B1 /* Jikan-iosUITests */ = {
			isa = PBXGroup;
			children = (
				B16F9DDA264F66880053A4B1 /* Jikan_iosUITests.swift */,
				B16F9DDC264F66880053A4B1 /* Info.plist */,
			);
			path = "Jikan-iosUITests";
			sourceTree = "<group>";
		};
		B16F9DE8264F66A10053A4B1 /* Models */ = {
			isa = PBXGroup;
			children = (
				B16F9DED264F6BA40053A4B1 /* TopAnime.swift */,
				B16F9E0E264F9AD90053A4B1 /* SeasonLast.swift */,
				B16F9E1626501D190053A4B1 /* Anime.swift */,
			);
			path = Models;
			sourceTree = "<group>";
		};
		B16F9DE9264F66B00053A4B1 /* ViewModels */ = {
			isa = PBXGroup;
			children = (
				B16F9DF1264F6E3B0053A4B1 /* AnimesViewModel.swift */,
				B16F9E02264F75070053A4B1 /* AnimeCollectionViewDataSource.swift */,
				B16F9E1A265020080053A4B1 /* SeasonLastViewModel.swift */,
				B16F9E12264F9DE00053A4B1 /* SeasonLastTableViewDataSource.swift */,
				B16F9E1E265020FB0053A4B1 /* AnimeDetailViewModel.swift */,
				B16F9E2626503F400053A4B1 /* AnimeCollectionViewDelegate.swift */,
			);
			path = ViewModels;
			sourceTree = "<group>";
		};
		B16F9DEA264F66B80053A4B1 /* API Service */ = {
			isa = PBXGroup;
			children = (
				B16F9DF5264F6EBD0053A4B1 /* APIService.swift */,
			);
			path = "API Service";
			sourceTree = "<group>";
		};
		B16F9DEB264F66C20053A4B1 /* Controllers */ = {
			isa = PBXGroup;
			children = (
				B16F9DB9264F66860053A4B1 /* ViewController.swift */,
				B16F9E22265022810053A4B1 /* AnimeDetailViewController.swift */,
			);
			path = Controllers;
			sourceTree = "<group>";
		};
		B16F9DEC264F66CE0053A4B1 /* Common */ = {
			isa = PBXGroup;
			children = (
				B16F9DB5264F66860053A4B1 /* AppDelegate.swift */,
				B16F9DB7264F66860053A4B1 /* SceneDelegate.swift */,
			);
			path = Common;
			sourceTree = "<group>";
		};
		B16F9DF9264F72B40053A4B1 /* Views */ = {
			isa = PBXGroup;
			children = (
				B16F9DFA264F72D40053A4B1 /* AnimeCollectionViewCell.swift */,
				B16F9DFB264F72D40053A4B1 /* AnimeCollectionViewCell.xib */,
				B16F9E06264F95BB0053A4B1 /* SeasonLastTableViewCell.swift */,
				B16F9E07264F95BB0053A4B1 /* SeasonLastTableViewCell.xib */,
			);
			path = Views;
			sourceTree = "<group>";
		};
/* End PBXGroup section */

/* Begin PBXNativeTarget section */
		B16F9DB1264F66860053A4B1 /* Jikan-ios */ = {
			isa = PBXNativeTarget;
			buildConfigurationList = B16F9DDF264F66880053A4B1 /* Build configuration list for PBXNativeTarget "Jikan-ios" */;
			buildPhases = (
				6474410A625AE8373E0ECC28 /* [CP] Check Pods Manifest.lock */,
				B16F9DAE264F66860053A4B1 /* Sources */,
				B16F9DAF264F66860053A4B1 /* Frameworks */,
				B16F9DB0264F66860053A4B1 /* Resources */,
				0FB412D889399898F006A790 /* [CP] Embed Pods Frameworks */,
			);
			buildRules = (
			);
			dependencies = (
			);
			name = "Jikan-ios";
			productName = "Jikan-ios";
			productReference = B16F9DB2264F66860053A4B1 /* Jikan-ios.app */;
			productType = "com.apple.product-type.application";
		};
		B16F9DCA264F66880053A4B1 /* Jikan-iosTests */ = {
			isa = PBXNativeTarget;
			buildConfigurationList = B16F9DE2264F66880053A4B1 /* Build configuration list for PBXNativeTarget "Jikan-iosTests" */;
			buildPhases = (
				0F01062BFA3E89A3D0E5F8F0 /* [CP] Check Pods Manifest.lock */,
				B16F9DC7264F66880053A4B1 /* Sources */,
				B16F9DC8264F66880053A4B1 /* Frameworks */,
				B16F9DC9264F66880053A4B1 /* Resources */,
			);
			buildRules = (
			);
			dependencies = (
				B16F9DCD264F66880053A4B1 /* PBXTargetDependency */,
			);
			name = "Jikan-iosTests";
			productName = "Jikan-iosTests";
			productReference = B16F9DCB264F66880053A4B1 /* Jikan-iosTests.xctest */;
			productType = "com.apple.product-type.bundle.unit-test";
		};
		B16F9DD5264F66880053A4B1 /* Jikan-iosUITests */ = {
			isa = PBXNativeTarget;
			buildConfigurationList = B16F9DE5264F66880053A4B1 /* Build configuration list for PBXNativeTarget "Jikan-iosUITests" */;
			buildPhases = (
				90CF9C81807CB84F2B1B9408 /* [CP] Check Pods Manifest.lock */,
				B16F9DD2264F66880053A4B1 /* Sources */,
				B16F9DD3264F66880053A4B1 /* Frameworks */,
				B16F9DD4264F66880053A4B1 /* Resources */,
				BFCC31EF143C5F79918C1938 /* [CP] Embed Pods Frameworks */,
			);
			buildRules = (
			);
			dependencies = (
				B16F9DD8264F66880053A4B1 /* PBXTargetDependency */,
			);
			name = "Jikan-iosUITests";
			productName = "Jikan-iosUITests";
			productReference = B16F9DD6264F66880053A4B1 /* Jikan-iosUITests.xctest */;
			productType = "com.apple.product-type.bundle.ui-testing";
		};
/* End PBXNativeTarget section */

/* Begin PBXProject section */
		B16F9DAA264F66860053A4B1 /* Project object */ = {
			isa = PBXProject;
			attributes = {
				LastSwiftUpdateCheck = 1250;
				LastUpgradeCheck = 1250;
				TargetAttributes = {
					B16F9DB1264F66860053A4B1 = {
						CreatedOnToolsVersion = 12.5;
					};
					B16F9DCA264F66880053A4B1 = {
						CreatedOnToolsVersion = 12.5;
						TestTargetID = B16F9DB1264F66860053A4B1;
					};
					B16F9DD5264F66880053A4B1 = {
						CreatedOnToolsVersion = 12.5;
						TestTargetID = B16F9DB1264F66860053A4B1;
					};
				};
			};
			buildConfigurationList = B16F9DAD264F66860053A4B1 /* Build configuration list for PBXProject "Jikan-ios" */;
			compatibilityVersion = "Xcode 9.3";
			developmentRegion = en;
			hasScannedForEncodings = 0;
			knownRegions = (
				en,
				Base,
			);
			mainGroup = B16F9DA9264F66860053A4B1;
			productRefGroup = B16F9DB3264F66860053A4B1 /* Products */;
			projectDirPath = "";
			projectRoot = "";
			targets = (
				B16F9DB1264F66860053A4B1 /* Jikan-ios */,
				B16F9DCA264F66880053A4B1 /* Jikan-iosTests */,
				B16F9DD5264F66880053A4B1 /* Jikan-iosUITests */,
			);
		};
/* End PBXProject section */

/* Begin PBXResourcesBuildPhase section */
		B16F9DB0264F66860053A4B1 /* Resources */ = {
			isa = PBXResourcesBuildPhase;
			buildActionMask = 2147483647;
			files = (
				B16F9DC5264F66880053A4B1 /* LaunchScreen.storyboard in Resources */,
				B16F9E0B264F95BC0053A4B1 /* SeasonLastTableViewCell.xib in Resources */,
				B16F9DFF264F72D40053A4B1 /* AnimeCollectionViewCell.xib in Resources */,
				B16F9DC2264F66880053A4B1 /* Assets.xcassets in Resources */,
				B16F9DBD264F66860053A4B1 /* Main.storyboard in Resources */,
			);
			runOnlyForDeploymentPostprocessing = 0;
		};
		B16F9DC9264F66880053A4B1 /* Resources */ = {
			isa = PBXResourcesBuildPhase;
			buildActionMask = 2147483647;
			files = (
				B16F9E0C264F95BC0053A4B1 /* SeasonLastTableViewCell.xib in Resources */,
				B16F9E00264F72D40053A4B1 /* AnimeCollectionViewCell.xib in Resources */,
			);
			runOnlyForDeploymentPostprocessing = 0;
		};
		B16F9DD4264F66880053A4B1 /* Resources */ = {
			isa = PBXResourcesBuildPhase;
			buildActionMask = 2147483647;
			files = (
				B16F9E0D264F95BC0053A4B1 /* SeasonLastTableViewCell.xib in Resources */,
				B16F9E01264F72D40053A4B1 /* AnimeCollectionViewCell.xib in Resources */,
			);
			runOnlyForDeploymentPostprocessing = 0;
		};
/* End PBXResourcesBuildPhase section */

/* Begin PBXShellScriptBuildPhase section */
		0F01062BFA3E89A3D0E5F8F0 /* [CP] Check Pods Manifest.lock */ = {
			isa = PBXShellScriptBuildPhase;
			buildActionMask = 2147483647;
			files = (
			);
			inputFileListPaths = (
			);
			inputPaths = (
				"${PODS_PODFILE_DIR_PATH}/Podfile.lock",
				"${PODS_ROOT}/Manifest.lock",
			);
			name = "[CP] Check Pods Manifest.lock";
			outputFileListPaths = (
			);
			outputPaths = (
				"$(DERIVED_FILE_DIR)/Pods-Jikan-iosTests-checkManifestLockResult.txt",
			);
			runOnlyForDeploymentPostprocessing = 0;
			shellPath = /bin/sh;
			shellScript = "diff \"${PODS_PODFILE_DIR_PATH}/Podfile.lock\" \"${PODS_ROOT}/Manifest.lock\" > /dev/null\nif [ $? != 0 ] ; then\n    # print error to STDERR\n    echo \"error: The sandbox is not in sync with the Podfile.lock. Run 'pod install' or update your CocoaPods installation.\" >&2\n    exit 1\nfi\n# This output is used by Xcode 'outputs' to avoid re-running this script phase.\necho \"SUCCESS\" > \"${SCRIPT_OUTPUT_FILE_0}\"\n";
			showEnvVarsInLog = 0;
		};
		0FB412D889399898F006A790 /* [CP] Embed Pods Frameworks */ = {
			isa = PBXShellScriptBuildPhase;
			buildActionMask = 2147483647;
			files = (
			);
			inputFileListPaths = (
				"${PODS_ROOT}/Target Support Files/Pods-Jikan-ios/Pods-Jikan-ios-frameworks-${CONFIGURATION}-input-files.xcfilelist",
			);
			name = "[CP] Embed Pods Frameworks";
			outputFileListPaths = (
				"${PODS_ROOT}/Target Support Files/Pods-Jikan-ios/Pods-Jikan-ios-frameworks-${CONFIGURATION}-output-files.xcfilelist",
			);
			runOnlyForDeploymentPostprocessing = 0;
			shellPath = /bin/sh;
			shellScript = "\"${PODS_ROOT}/Target Support Files/Pods-Jikan-ios/Pods-Jikan-ios-frameworks.sh\"\n";
			showEnvVarsInLog = 0;
		};
		6474410A625AE8373E0ECC28 /* [CP] Check Pods Manifest.lock */ = {
			isa = PBXShellScriptBuildPhase;
			buildActionMask = 2147483647;
			files = (
			);
			inputFileListPaths = (
			);
			inputPaths = (
				"${PODS_PODFILE_DIR_PATH}/Podfile.lock",
				"${PODS_ROOT}/Manifest.lock",
			);
			name = "[CP] Check Pods Manifest.lock";
			outputFileListPaths = (
			);
			outputPaths = (
				"$(DERIVED_FILE_DIR)/Pods-Jikan-ios-checkManifestLockResult.txt",
			);
			runOnlyForDeploymentPostprocessing = 0;
			shellPath = /bin/sh;
			shellScript = "diff \"${PODS_PODFILE_DIR_PATH}/Podfile.lock\" \"${PODS_ROOT}/Manifest.lock\" > /dev/null\nif [ $? != 0 ] ; then\n    # print error to STDERR\n    echo \"error: The sandbox is not in sync with the Podfile.lock. Run 'pod install' or update your CocoaPods installation.\" >&2\n    exit 1\nfi\n# This output is used by Xcode 'outputs' to avoid re-running this script phase.\necho \"SUCCESS\" > \"${SCRIPT_OUTPUT_FILE_0}\"\n";
			showEnvVarsInLog = 0;
		};
		90CF9C81807CB84F2B1B9408 /* [CP] Check Pods Manifest.lock */ = {
			isa = PBXShellScriptBuildPhase;
			buildActionMask = 2147483647;
			files = (
			);
			inputFileListPaths = (
			);
			inputPaths = (
				"${PODS_PODFILE_DIR_PATH}/Podfile.lock",
				"${PODS_ROOT}/Manifest.lock",
			);
			name = "[CP] Check Pods Manifest.lock";
			outputFileListPaths = (
			);
			outputPaths = (
				"$(DERIVED_FILE_DIR)/Pods-Jikan-ios-Jikan-iosUITests-checkManifestLockResult.txt",
			);
			runOnlyForDeploymentPostprocessing = 0;
			shellPath = /bin/sh;
			shellScript = "diff \"${PODS_PODFILE_DIR_PATH}/Podfile.lock\" \"${PODS_ROOT}/Manifest.lock\" > /dev/null\nif [ $? != 0 ] ; then\n    # print error to STDERR\n    echo \"error: The sandbox is not in sync with the Podfile.lock. Run 'pod install' or update your CocoaPods installation.\" >&2\n    exit 1\nfi\n# This output is used by Xcode 'outputs' to avoid re-running this script phase.\necho \"SUCCESS\" > \"${SCRIPT_OUTPUT_FILE_0}\"\n";
			showEnvVarsInLog = 0;
		};
		BFCC31EF143C5F79918C1938 /* [CP] Embed Pods Frameworks */ = {
			isa = PBXShellScriptBuildPhase;
			buildActionMask = 2147483647;
			files = (
			);
			inputFileListPaths = (
				"${PODS_ROOT}/Target Support Files/Pods-Jikan-ios-Jikan-iosUITests/Pods-Jikan-ios-Jikan-iosUITests-frameworks-${CONFIGURATION}-input-files.xcfilelist",
			);
			name = "[CP] Embed Pods Frameworks";
			outputFileListPaths = (
				"${PODS_ROOT}/Target Support Files/Pods-Jikan-ios-Jikan-iosUITests/Pods-Jikan-ios-Jikan-iosUITests-frameworks-${CONFIGURATION}-output-files.xcfilelist",
			);
			runOnlyForDeploymentPostprocessing = 0;
			shellPath = /bin/sh;
			shellScript = "\"${PODS_ROOT}/Target Support Files/Pods-Jikan-ios-Jikan-iosUITests/Pods-Jikan-ios-Jikan-iosUITests-frameworks.sh\"\n";
			showEnvVarsInLog = 0;
		};
/* End PBXShellScriptBuildPhase section */

/* Begin PBXSourcesBuildPhase section */
		B16F9DAE264F66860053A4B1 /* Sources */ = {
			isa = PBXSourcesBuildPhase;
			buildActionMask = 2147483647;
			files = (
				B16F9E2726503F410053A4B1 /* AnimeCollectionViewDelegate.swift in Sources */,
				B16F9E1F265020FB0053A4B1 /* AnimeDetailViewModel.swift in Sources */,
				B16F9E08264F95BB0053A4B1 /* SeasonLastTableViewCell.swift in Sources */,
				B16F9E13264F9DE00053A4B1 /* SeasonLastTableViewDataSource.swift in Sources */,
				B16F9E1726501D190053A4B1 /* Anime.swift in Sources */,
				B16F9DBA264F66860053A4B1 /* ViewController.swift in Sources */,
				B16F9DFC264F72D40053A4B1 /* AnimeCollectionViewCell.swift in Sources */,
				B16F9E23265022810053A4B1 /* AnimeDetailViewController.swift in Sources */,
				B16F9E03264F75070053A4B1 /* AnimeCollectionViewDataSource.swift in Sources */,
				B16F9E0F264F9AD90053A4B1 /* SeasonLast.swift in Sources */,
				B16F9E1B265020080053A4B1 /* SeasonLastViewModel.swift in Sources */,
				B16F9DF6264F6EBD0053A4B1 /* APIService.swift in Sources */,
				B16F9DEE264F6BA40053A4B1 /* TopAnime.swift in Sources */,
				B16F9DC0264F66860053A4B1 /* Jikan_ios.xcdatamodeld in Sources */,
				B16F9DF2264F6E3B0053A4B1 /* AnimesViewModel.swift in Sources */,
				B16F9DB6264F66860053A4B1 /* AppDelegate.swift in Sources */,
				B16F9DB8264F66860053A4B1 /* SceneDelegate.swift in Sources */,
			);
			runOnlyForDeploymentPostprocessing = 0;
		};
		B16F9DC7264F66880053A4B1 /* Sources */ = {
			isa = PBXSourcesBuildPhase;
			buildActionMask = 2147483647;
			files = (
				B16F9DF3264F6E3B0053A4B1 /* AnimesViewModel.swift in Sources */,
				B16F9DEF264F6BA40053A4B1 /* TopAnime.swift in Sources */,
				B16F9E04264F75070053A4B1 /* AnimeCollectionViewDataSource.swift in Sources */,
				B16F9DF7264F6EBD0053A4B1 /* APIService.swift in Sources */,
				B16F9E14264F9DE00053A4B1 /* SeasonLastTableViewDataSource.swift in Sources */,
				B16F9DD0264F66880053A4B1 /* Jikan_iosTests.swift in Sources */,
				B16F9E20265020FB0053A4B1 /* AnimeDetailViewModel.swift in Sources */,
				B16F9E1826501D190053A4B1 /* Anime.swift in Sources */,
				B16F9E10264F9AD90053A4B1 /* SeasonLast.swift in Sources */,
				B16F9E1C265020080053A4B1 /* SeasonLastViewModel.swift in Sources */,
				B16F9E2826503F410053A4B1 /* AnimeCollectionViewDelegate.swift in Sources */,
				B16F9E24265022810053A4B1 /* AnimeDetailViewController.swift in Sources */,
				B16F9E09264F95BC0053A4B1 /* SeasonLastTableViewCell.swift in Sources */,
				B16F9DFD264F72D40053A4B1 /* AnimeCollectionViewCell.swift in Sources */,
			);
			runOnlyForDeploymentPostprocessing = 0;
		};
		B16F9DD2264F66880053A4B1 /* Sources */ = {
			isa = PBXSourcesBuildPhase;
			buildActionMask = 2147483647;
			files = (
				B16F9DF4264F6E3B0053A4B1 /* AnimesViewModel.swift in Sources */,
				B16F9DF0264F6BA40053A4B1 /* TopAnime.swift in Sources */,
				B16F9E05264F75070053A4B1 /* AnimeCollectionViewDataSource.swift in Sources */,
				B16F9DF8264F6EBD0053A4B1 /* APIService.swift in Sources */,
				B16F9E15264F9DE00053A4B1 /* SeasonLastTableViewDataSource.swift in Sources */,
				B16F9DDB264F66880053A4B1 /* Jikan_iosUITests.swift in Sources */,
				B16F9E21265020FB0053A4B1 /* AnimeDetailViewModel.swift in Sources */,
				B16F9E1926501D190053A4B1 /* Anime.swift in Sources */,
				B16F9E11264F9AD90053A4B1 /* SeasonLast.swift in Sources */,
				B16F9E1D265020080053A4B1 /* SeasonLastViewModel.swift in Sources */,
				B16F9E2926503F410053A4B1 /* AnimeCollectionViewDelegate.swift in Sources */,
				B16F9E25265022810053A4B1 /* AnimeDetailViewController.swift in Sources */,
				B16F9E0A264F95BC0053A4B1 /* SeasonLastTableViewCell.swift in Sources */,
				B16F9DFE264F72D40053A4B1 /* AnimeCollectionViewCell.swift in Sources */,
			);
			runOnlyForDeploymentPostprocessing = 0;
		};
/* End PBXSourcesBuildPhase section */

/* Begin PBXTargetDependency section */
		B16F9DCD264F66880053A4B1 /* PBXTargetDependency */ = {
			isa = PBXTargetDependency;
			target = B16F9DB1264F66860053A4B1 /* Jikan-ios */;
			targetProxy = B16F9DCC264F66880053A4B1 /* PBXContainerItemProxy */;
		};
		B16F9DD8264F66880053A4B1 /* PBXTargetDependency */ = {
			isa = PBXTargetDependency;
			target = B16F9DB1264F66860053A4B1 /* Jikan-ios */;
			targetProxy = B16F9DD7264F66880053A4B1 /* PBXContainerItemProxy */;
		};
/* End PBXTargetDependency section */

/* Begin PBXVariantGroup section */
		B16F9DBB264F66860053A4B1 /* Main.storyboard */ = {
			isa = PBXVariantGroup;
			children = (
				B16F9DBC264F66860053A4B1 /* Base */,
			);
			name = Main.storyboard;
			sourceTree = "<group>";
		};
		B16F9DC3264F66880053A4B1 /* LaunchScreen.storyboard */ = {
			isa = PBXVariantGroup;
			children = (
				B16F9DC4264F66880053A4B1 /* Base */,
			);
			name = LaunchScreen.storyboard;
			sourceTree = "<group>";
		};
/* End PBXVariantGroup section */

/* Begin XCBuildConfiguration section */
		B16F9DDD264F66880053A4B1 /* Debug */ = {
			isa = XCBuildConfiguration;
			buildSettings = {
				ALWAYS_SEARCH_USER_PATHS = NO;
				CLANG_ANALYZER_NONNULL = YES;
				CLANG_ANALYZER_NUMBER_OBJECT_CONVERSION = YES_AGGRESSIVE;
				CLANG_CXX_LANGUAGE_STANDARD = "gnu++14";
				CLANG_CXX_LIBRARY = "libc++";
				CLANG_ENABLE_MODULES = YES;
				CLANG_ENABLE_OBJC_ARC = YES;
				CLANG_ENABLE_OBJC_WEAK = YES;
				CLANG_WARN_BLOCK_CAPTURE_AUTORELEASING = YES;
				CLANG_WARN_BOOL_CONVERSION = YES;
				CLANG_WARN_COMMA = YES;
				CLANG_WARN_CONSTANT_CONVERSION = YES;
				CLANG_WARN_DEPRECATED_OBJC_IMPLEMENTATIONS = YES;
				CLANG_WARN_DIRECT_OBJC_ISA_USAGE = YES_ERROR;
				CLANG_WARN_DOCUMENTATION_COMMENTS = YES;
				CLANG_WARN_EMPTY_BODY = YES;
				CLANG_WARN_ENUM_CONVERSION = YES;
				CLANG_WARN_INFINITE_RECURSION = YES;
				CLANG_WARN_INT_CONVERSION = YES;
				CLANG_WARN_NON_LITERAL_NULL_CONVERSION = YES;
				CLANG_WARN_OBJC_IMPLICIT_RETAIN_SELF = YES;
				CLANG_WARN_OBJC_LITERAL_CONVERSION = YES;
				CLANG_WARN_OBJC_ROOT_CLASS = YES_ERROR;
				CLANG_WARN_QUOTED_INCLUDE_IN_FRAMEWORK_HEADER = YES;
				CLANG_WARN_RANGE_LOOP_ANALYSIS = YES;
				CLANG_WARN_STRICT_PROTOTYPES = YES;
				CLANG_WARN_SUSPICIOUS_MOVE = YES;
				CLANG_WARN_UNGUARDED_AVAILABILITY = YES_AGGRESSIVE;
				CLANG_WARN_UNREACHABLE_CODE = YES;
				CLANG_WARN__DUPLICATE_METHOD_MATCH = YES;
				COPY_PHASE_STRIP = NO;
				DEBUG_INFORMATION_FORMAT = dwarf;
				ENABLE_STRICT_OBJC_MSGSEND = YES;
				ENABLE_TESTABILITY = YES;
				GCC_C_LANGUAGE_STANDARD = gnu11;
				GCC_DYNAMIC_NO_PIC = NO;
				GCC_NO_COMMON_BLOCKS = YES;
				GCC_OPTIMIZATION_LEVEL = 0;
				GCC_PREPROCESSOR_DEFINITIONS = (
					"DEBUG=1",
					"$(inherited)",
				);
				GCC_WARN_64_TO_32_BIT_CONVERSION = YES;
				GCC_WARN_ABOUT_RETURN_TYPE = YES_ERROR;
				GCC_WARN_UNDECLARED_SELECTOR = YES;
				GCC_WARN_UNINITIALIZED_AUTOS = YES_AGGRESSIVE;
				GCC_WARN_UNUSED_FUNCTION = YES;
				GCC_WARN_UNUSED_VARIABLE = YES;
				IPHONEOS_DEPLOYMENT_TARGET = 14.5;
				MTL_ENABLE_DEBUG_INFO = INCLUDE_SOURCE;
				MTL_FAST_MATH = YES;
				ONLY_ACTIVE_ARCH = YES;
				SDKROOT = iphoneos;
				SWIFT_ACTIVE_COMPILATION_CONDITIONS = DEBUG;
				SWIFT_OPTIMIZATION_LEVEL = "-Onone";
			};
			name = Debug;
		};
		B16F9DDE264F66880053A4B1 /* Release */ = {
			isa = XCBuildConfiguration;
			buildSettings = {
				ALWAYS_SEARCH_USER_PATHS = NO;
				CLANG_ANALYZER_NONNULL = YES;
				CLANG_ANALYZER_NUMBER_OBJECT_CONVERSION = YES_AGGRESSIVE;
				CLANG_CXX_LANGUAGE_STANDARD = "gnu++14";
				CLANG_CXX_LIBRARY = "libc++";
				CLANG_ENABLE_MODULES = YES;
				CLANG_ENABLE_OBJC_ARC = YES;
				CLANG_ENABLE_OBJC_WEAK = YES;
				CLANG_WARN_BLOCK_CAPTURE_AUTORELEASING = YES;
				CLANG_WARN_BOOL_CONVERSION = YES;
				CLANG_WARN_COMMA = YES;
				CLANG_WARN_CONSTANT_CONVERSION = YES;
				CLANG_WARN_DEPRECATED_OBJC_IMPLEMENTATIONS = YES;
				CLANG_WARN_DIRECT_OBJC_ISA_USAGE = YES_ERROR;
				CLANG_WARN_DOCUMENTATION_COMMENTS = YES;
				CLANG_WARN_EMPTY_BODY = YES;
				CLANG_WARN_ENUM_CONVERSION = YES;
				CLANG_WARN_INFINITE_RECURSION = YES;
				CLANG_WARN_INT_CONVERSION = YES;
				CLANG_WARN_NON_LITERAL_NULL_CONVERSION = YES;
				CLANG_WARN_OBJC_IMPLICIT_RETAIN_SELF = YES;
				CLANG_WARN_OBJC_LITERAL_CONVERSION = YES;
				CLANG_WARN_OBJC_ROOT_CLASS = YES_ERROR;
				CLANG_WARN_QUOTED_INCLUDE_IN_FRAMEWORK_HEADER = YES;
				CLANG_WARN_RANGE_LOOP_ANALYSIS = YES;
				CLANG_WARN_STRICT_PROTOTYPES = YES;
				CLANG_WARN_SUSPICIOUS_MOVE = YES;
				CLANG_WARN_UNGUARDED_AVAILABILITY = YES_AGGRESSIVE;
				CLANG_WARN_UNREACHABLE_CODE = YES;
				CLANG_WARN__DUPLICATE_METHOD_MATCH = YES;
				COPY_PHASE_STRIP = NO;
				DEBUG_INFORMATION_FORMAT = "dwarf-with-dsym";
				ENABLE_NS_ASSERTIONS = NO;
				ENABLE_STRICT_OBJC_MSGSEND = YES;
				GCC_C_LANGUAGE_STANDARD = gnu11;
				GCC_NO_COMMON_BLOCKS = YES;
				GCC_WARN_64_TO_32_BIT_CONVERSION = YES;
				GCC_WARN_ABOUT_RETURN_TYPE = YES_ERROR;
				GCC_WARN_UNDECLARED_SELECTOR = YES;
				GCC_WARN_UNINITIALIZED_AUTOS = YES_AGGRESSIVE;
				GCC_WARN_UNUSED_FUNCTION = YES;
				GCC_WARN_UNUSED_VARIABLE = YES;
				IPHONEOS_DEPLOYMENT_TARGET = 14.5;
				MTL_ENABLE_DEBUG_INFO = NO;
				MTL_FAST_MATH = YES;
				SDKROOT = iphoneos;
				SWIFT_COMPILATION_MODE = wholemodule;
				SWIFT_OPTIMIZATION_LEVEL = "-O";
				VALIDATE_PRODUCT = YES;
			};
			name = Release;
		};
		B16F9DE0264F66880053A4B1 /* Debug */ = {
			isa = XCBuildConfiguration;
			baseConfigurationReference = 9F514BFB17CC2C3400D7C74A /* Pods-Jikan-ios.debug.xcconfig */;
			buildSettings = {
				ASSETCATALOG_COMPILER_APPICON_NAME = AppIcon;
				ASSETCATALOG_COMPILER_GLOBAL_ACCENT_COLOR_NAME = AccentColor;
				CODE_SIGN_STYLE = Automatic;
				DEVELOPMENT_TEAM = 6F4WNP3H89;
				INFOPLIST_FILE = "Jikan-ios/Info.plist";
				LD_RUNPATH_SEARCH_PATHS = (
					"$(inherited)",
					"@executable_path/Frameworks",
				);
				PRODUCT_BUNDLE_IDENTIFIER = "jftorresp.Jikan-ios";
				PRODUCT_NAME = "$(TARGET_NAME)";
				SWIFT_VERSION = 5.0;
				TARGETED_DEVICE_FAMILY = "1,2";
			};
			name = Debug;
		};
		B16F9DE1264F66880053A4B1 /* Release */ = {
			isa = XCBuildConfiguration;
			baseConfigurationReference = 87D03C5A809162AC8EFBD953 /* Pods-Jikan-ios.release.xcconfig */;
			buildSettings = {
				ASSETCATALOG_COMPILER_APPICON_NAME = AppIcon;
				ASSETCATALOG_COMPILER_GLOBAL_ACCENT_COLOR_NAME = AccentColor;
				CODE_SIGN_STYLE = Automatic;
				DEVELOPMENT_TEAM = 6F4WNP3H89;
				INFOPLIST_FILE = "Jikan-ios/Info.plist";
				LD_RUNPATH_SEARCH_PATHS = (
					"$(inherited)",
					"@executable_path/Frameworks",
				);
				PRODUCT_BUNDLE_IDENTIFIER = "jftorresp.Jikan-ios";
				PRODUCT_NAME = "$(TARGET_NAME)";
				SWIFT_VERSION = 5.0;
				TARGETED_DEVICE_FAMILY = "1,2";
			};
			name = Release;
		};
		B16F9DE3264F66880053A4B1 /* Debug */ = {
			isa = XCBuildConfiguration;
			baseConfigurationReference = C381D93E70D25BEF46941D58 /* Pods-Jikan-iosTests.debug.xcconfig */;
			buildSettings = {
				ALWAYS_EMBED_SWIFT_STANDARD_LIBRARIES = YES;
				BUNDLE_LOADER = "$(TEST_HOST)";
				CODE_SIGN_STYLE = Automatic;
				DEVELOPMENT_TEAM = 6F4WNP3H89;
				INFOPLIST_FILE = "Jikan-iosTests/Info.plist";
				IPHONEOS_DEPLOYMENT_TARGET = 14.5;
				LD_RUNPATH_SEARCH_PATHS = (
					"$(inherited)",
					"@executable_path/Frameworks",
					"@loader_path/Frameworks",
				);
				PRODUCT_BUNDLE_IDENTIFIER = "jftorresp.Jikan-iosTests";
				PRODUCT_NAME = "$(TARGET_NAME)";
				SWIFT_VERSION = 5.0;
				TARGETED_DEVICE_FAMILY = "1,2";
				TEST_HOST = "$(BUILT_PRODUCTS_DIR)/Jikan-ios.app/Jikan-ios";
			};
			name = Debug;
		};
		B16F9DE4264F66880053A4B1 /* Release */ = {
			isa = XCBuildConfiguration;
			baseConfigurationReference = D7B773CDF262C383F8ABB5F6 /* Pods-Jikan-iosTests.release.xcconfig */;
			buildSettings = {
				ALWAYS_EMBED_SWIFT_STANDARD_LIBRARIES = YES;
				BUNDLE_LOADER = "$(TEST_HOST)";
				CODE_SIGN_STYLE = Automatic;
				DEVELOPMENT_TEAM = 6F4WNP3H89;
				INFOPLIST_FILE = "Jikan-iosTests/Info.plist";
				IPHONEOS_DEPLOYMENT_TARGET = 14.5;
				LD_RUNPATH_SEARCH_PATHS = (
					"$(inherited)",
					"@executable_path/Frameworks",
					"@loader_path/Frameworks",
				);
				PRODUCT_BUNDLE_IDENTIFIER = "jftorresp.Jikan-iosTests";
				PRODUCT_NAME = "$(TARGET_NAME)";
				SWIFT_VERSION = 5.0;
				TARGETED_DEVICE_FAMILY = "1,2";
				TEST_HOST = "$(BUILT_PRODUCTS_DIR)/Jikan-ios.app/Jikan-ios";
			};
			name = Release;
		};
		B16F9DE6264F66880053A4B1 /* Debug */ = {
			isa = XCBuildConfiguration;
			baseConfigurationReference = D01BB4824D91AB826D71DD9C /* Pods-Jikan-ios-Jikan-iosUITests.debug.xcconfig */;
			buildSettings = {
				ALWAYS_EMBED_SWIFT_STANDARD_LIBRARIES = YES;
				CODE_SIGN_STYLE = Automatic;
				DEVELOPMENT_TEAM = 6F4WNP3H89;
				INFOPLIST_FILE = "Jikan-iosUITests/Info.plist";
				LD_RUNPATH_SEARCH_PATHS = (
					"$(inherited)",
					"@executable_path/Frameworks",
					"@loader_path/Frameworks",
				);
				PRODUCT_BUNDLE_IDENTIFIER = "jftorresp.Jikan-iosUITests";
				PRODUCT_NAME = "$(TARGET_NAME)";
				SWIFT_VERSION = 5.0;
				TARGETED_DEVICE_FAMILY = "1,2";
				TEST_TARGET_NAME = "Jikan-ios";
			};
			name = Debug;
		};
		B16F9DE7264F66880053A4B1 /* Release */ = {
			isa = XCBuildConfiguration;
			baseConfigurationReference = 0CFE89FE75FED406A830E0E8 /* Pods-Jikan-ios-Jikan-iosUITests.release.xcconfig */;
			buildSettings = {
				ALWAYS_EMBED_SWIFT_STANDARD_LIBRARIES = YES;
				CODE_SIGN_STYLE = Automatic;
				DEVELOPMENT_TEAM = 6F4WNP3H89;
				INFOPLIST_FILE = "Jikan-iosUITests/Info.plist";
				LD_RUNPATH_SEARCH_PATHS = (
					"$(inherited)",
					"@executable_path/Frameworks",
					"@loader_path/Frameworks",
				);
				PRODUCT_BUNDLE_IDENTIFIER = "jftorresp.Jikan-iosUITests";
				PRODUCT_NAME = "$(TARGET_NAME)";
				SWIFT_VERSION = 5.0;
				TARGETED_DEVICE_FAMILY = "1,2";
				TEST_TARGET_NAME = "Jikan-ios";
			};
			name = Release;
		};
/* End XCBuildConfiguration section */

/* Begin XCConfigurationList section */
		B16F9DAD264F66860053A4B1 /* Build configuration list for PBXProject "Jikan-ios" */ = {
			isa = XCConfigurationList;
			buildConfigurations = (
				B16F9DDD264F66880053A4B1 /* Debug */,
				B16F9DDE264F66880053A4B1 /* Release */,
			);
			defaultConfigurationIsVisible = 0;
			defaultConfigurationName = Release;
		};
		B16F9DDF264F66880053A4B1 /* Build configuration list for PBXNativeTarget "Jikan-ios" */ = {
			isa = XCConfigurationList;
			buildConfigurations = (
				B16F9DE0264F66880053A4B1 /* Debug */,
				B16F9DE1264F66880053A4B1 /* Release */,
			);
			defaultConfigurationIsVisible = 0;
			defaultConfigurationName = Release;
		};
		B16F9DE2264F66880053A4B1 /* Build configuration list for PBXNativeTarget "Jikan-iosTests" */ = {
			isa = XCConfigurationList;
			buildConfigurations = (
				B16F9DE3264F66880053A4B1 /* Debug */,
				B16F9DE4264F66880053A4B1 /* Release */,
			);
			defaultConfigurationIsVisible = 0;
			defaultConfigurationName = Release;
		};
		B16F9DE5264F66880053A4B1 /* Build configuration list for PBXNativeTarget "Jikan-iosUITests" */ = {
			isa = XCConfigurationList;
			buildConfigurations = (
				B16F9DE6264F66880053A4B1 /* Debug */,
				B16F9DE7264F66880053A4B1 /* Release */,
			);
			defaultConfigurationIsVisible = 0;
			defaultConfigurationName = Release;
		};
/* End XCConfigurationList section */

/* Begin XCVersionGroup section */
		B16F9DBE264F66860053A4B1 /* Jikan_ios.xcdatamodeld */ = {
			isa = XCVersionGroup;
			children = (
				B16F9DBF264F66860053A4B1 /* Jikan_ios.xcdatamodel */,
			);
			currentVersion = B16F9DBF264F66860053A4B1 /* Jikan_ios.xcdatamodel */;
			path = Jikan_ios.xcdatamodeld;
			sourceTree = "<group>";
			versionGroupType = wrapper.xcdatamodel;
		};
/* End XCVersionGroup section */
	};
	rootObject = B16F9DAA264F66860053A4B1 /* Project object */;
}
